
Microsoft Visual Studio Solution File, Format Version 12.00
# Visual Studio Version 17
VisualStudioVersion = 17.9.34728.123
MinimumVisualStudioVersion = 10.0.40219.1
Project("{9A19103F-16F7-4668-BE54-9A1E7A4F7556}") = "WebApi Frond_End UdaApp", "WebApi Frond_End UdaApp.csproj", "{1342ACB5-820F-43F5-AA2B-5446CEA0FDFD}"
EndProject
Global
	GlobalSection(SolutionConfigurationPlatforms) = preSolution
		Debug|Any CPU = Debug|Any CPU
		Release|Any CPU = Release|Any CPU
	EndGlobalSection
	GlobalSection(ProjectConfigurationPlatforms) = postSolution
		{1342ACB5-820F-43F5-AA2B-5446CEA0FDFD}.Debug|Any CPU.ActiveCfg = Debug|Any CPU
		{1342ACB5-820F-43F5-AA2B-5446CEA0FDFD}.Debug|Any CPU.Build.0 = Debug|Any CPU
		{1342ACB5-820F-43F5-AA2B-5446CEA0FDFD}.Release|Any CPU.ActiveCfg = Release|Any CPU
		{1342ACB5-820F-43F5-AA2B-5446CEA0FDFD}.Release|Any CPU.Build.0 = Release|Any CPU
	EndGlobalSection
	GlobalSection(SolutionProperties) = preSolution
		HideSolutionNode = FALSE
	EndGlobalSection
	GlobalSection(ExtensibilityGlobals) = postSolution
		SolutionGuid = {9C135B26-0448-42F7-9ECD-C9EC1FB13AC5}
	EndGlobalSection
EndGlobal
